
Microsoft Visual Studio Solution File, Format Version 12.00
# Visual Studio Version 17
VisualStudioVersion = 17.11.35327.3
MinimumVisualStudioVersion = 10.0.40219.1
Project("{FAE04EC0-301F-11D3-BF4B-00C04F79EFBC}") = "WebApplication115", "WebApplication115\WebApplication115.csproj", "{774B68AF-4EBA-4C99-9034-8580253A079F}"
EndProject
Global
	GlobalSection(SolutionConfigurationPlatforms) = preSolution
		Debug|Any CPU = Debug|Any CPU
		Release|Any CPU = Release|Any CPU
	EndGlobalSection
	GlobalSection(ProjectConfigurationPlatforms) = postSolution
		{774B68AF-4EBA-4C99-9034-8580253A079F}.Debug|Any CPU.ActiveCfg = Debug|Any CPU
		{774B68AF-4EBA-4C99-9034-8580253A079F}.Debug|Any CPU.Build.0 = Debug|Any CPU
		{774B68AF-4EBA-4C99-9034-8580253A079F}.Release|Any CPU.ActiveCfg = Release|Any CPU
		{774B68AF-4EBA-4C99-9034-8580253A079F}.Release|Any CPU.Build.0 = Release|Any CPU
	EndGlobalSection
	GlobalSection(SolutionProperties) = preSolution
		HideSolutionNode = FALSE
	EndGlobalSection
	GlobalSection(ExtensibilityGlobals) = postSolution
		SolutionGuid = {A8A310A7-3434-4155-85DA-3164613921F6}
	EndGlobalSection
EndGlobal
